// !$*UTF8*$!
{
	archiveVersion = 1;
	classes = {
	};
	objectVersion = 46;
	objects = {

/* Begin PBXBuildFile section */
		F902DE5E1E5D3B9C00794610 /* main.m in Sources */ = {isa = PBXBuildFile; fileRef = F902DE5D1E5D3B9C00794610 /* main.m */; };
		F902DE611E5D3B9C00794610 /* AppDelegate.m in Sources */ = {isa = PBXBuildFile; fileRef = F902DE601E5D3B9C00794610 /* AppDelegate.m */; };
		F902DE641E5D3B9C00794610 /* ViewController.m in Sources */ = {isa = PBXBuildFile; fileRef = F902DE631E5D3B9C00794610 /* ViewController.m */; };
		F902DE671E5D3B9C00794610 /* Main.storyboard in Resources */ = {isa = PBXBuildFile; fileRef = F902DE651E5D3B9C00794610 /* Main.storyboard */; };
		F902DE691E5D3B9C00794610 /* Assets.xcassets in Resources */ = {isa = PBXBuildFile; fileRef = F902DE681E5D3B9C00794610 /* Assets.xcassets */; };
		F902DE6C1E5D3B9C00794610 /* LaunchScreen.storyboard in Resources */ = {isa = PBXBuildFile; fileRef = F902DE6A1E5D3B9C00794610 /* LaunchScreen.storyboard */; };
		F902DE761E5D78B600794610 /* SWScrollPageVC.m in Sources */ = {isa = PBXBuildFile; fileRef = F902DE751E5D78B600794610 /* SWScrollPageVC.m */; };
		F902DE841E5D7FCD00794610 /* HotViewController.m in Sources */ = {isa = PBXBuildFile; fileRef = F902DE791E5D7FCD00794610 /* HotViewController.m */; };
		F902DE851E5D7FCD00794610 /* ReaderViewController.m in Sources */ = {isa = PBXBuildFile; fileRef = F902DE7B1E5D7FCD00794610 /* ReaderViewController.m */; };
		F902DE861E5D7FCD00794610 /* ScienceViewController.m in Sources */ = {isa = PBXBuildFile; fileRef = F902DE7D1E5D7FCD00794610 /* ScienceViewController.m */; };
		F902DE871E5D7FCD00794610 /* ScoietyViewController.m in Sources */ = {isa = PBXBuildFile; fileRef = F902DE7F1E5D7FCD00794610 /* ScoietyViewController.m */; };
		F902DE881E5D7FCD00794610 /* TopLineViewController.m in Sources */ = {isa = PBXBuildFile; fileRef = F902DE811E5D7FCD00794610 /* TopLineViewController.m */; };
		F902DE891E5D7FCD00794610 /* VideoViewController.m in Sources */ = {isa = PBXBuildFile; fileRef = F902DE831E5D7FCD00794610 /* VideoViewController.m */; };
		F902DE8F1E5D83C700794610 /* SWViewController.m in Sources */ = {isa = PBXBuildFile; fileRef = F902DE8E1E5D83C700794610 /* SWViewController.m */; };
/* End PBXBuildFile section */

/* Begin PBXFileReference section */
		F902DE591E5D3B9C00794610 /* 仿网易菜单滚动.app */ = {isa = PBXFileReference; explicitFileType = wrapper.application; includeInIndex = 0; path = "仿网易菜单滚动.app"; sourceTree = BUILT_PRODUCTS_DIR; };
		F902DE5D1E5D3B9C00794610 /* main.m */ = {isa = PBXFileReference; lastKnownFileType = sourcecode.c.objc; path = main.m; sourceTree = "<group>"; };
		F902DE5F1E5D3B9C00794610 /* AppDelegate.h */ = {isa = PBXFileReference; lastKnownFileType = sourcecode.c.h; path = AppDelegate.h; sourceTree = "<group>"; };
		F902DE601E5D3B9C00794610 /* AppDelegate.m */ = {isa = PBXFileReference; lastKnownFileType = sourcecode.c.objc; path = AppDelegate.m; sourceTree = "<group>"; };
		F902DE621E5D3B9C00794610 /* ViewController.h */ = {isa = PBXFileReference; lastKnownFileType = sourcecode.c.h; path = ViewController.h; sourceTree = "<group>"; };
		F902DE631E5D3B9C00794610 /* ViewController.m */ = {isa = PBXFileReference; lastKnownFileType = sourcecode.c.objc; path = ViewController.m; sourceTree = "<group>"; };
		F902DE661E5D3B9C00794610 /* Base */ = {isa = PBXFileReference; lastKnownFileType = file.storyboard; name = Base; path = Base.lproj/Main.storyboard; sourceTree = "<group>"; };
		F902DE681E5D3B9C00794610 /* Assets.xcassets */ = {isa = PBXFileReference; lastKnownFileType = folder.assetcatalog; path = Assets.xcassets; sourceTree = "<group>"; };
		F902DE6B1E5D3B9C00794610 /* Base */ = {isa = PBXFileReference; lastKnownFileType = file.storyboard; name = Base; path = Base.lproj/LaunchScreen.storyboard; sourceTree = "<group>"; };
		F902DE6D1E5D3B9C00794610 /* Info.plist */ = {isa = PBXFileReference; lastKnownFileType = text.plist.xml; path = Info.plist; sourceTree = "<group>"; };
		F902DE741E5D78B600794610 /* SWScrollPageVC.h */ = {isa = PBXFileReference; fileEncoding = 4; lastKnownFileType = sourcecode.c.h; path = SWScrollPageVC.h; sourceTree = "<group>"; };
		F902DE751E5D78B600794610 /* SWScrollPageVC.m */ = {isa = PBXFileReference; fileEncoding = 4; lastKnownFileType = sourcecode.c.objc; path = SWScrollPageVC.m; sourceTree = "<group>"; };
		F902DE781E5D7FCD00794610 /* HotViewController.h */ = {isa = PBXFileReference; fileEncoding = 4; lastKnownFileType = sourcecode.c.h; path = HotViewController.h; sourceTree = "<group>"; };
		F902DE791E5D7FCD00794610 /* HotViewController.m */ = {isa = PBXFileReference; fileEncoding = 4; lastKnownFileType = sourcecode.c.objc; path = HotViewController.m; sourceTree = "<group>"; };
		F902DE7A1E5D7FCD00794610 /* ReaderViewController.h */ = {isa = PBXFileReference; fileEncoding = 4; lastKnownFileType = sourcecode.c.h; path = ReaderViewController.h; sourceTree = "<group>"; };
		F902DE7B1E5D7FCD00794610 /* ReaderViewController.m */ = {isa = PBXFileReference; fileEncoding = 4; lastKnownFileType = sourcecode.c.objc; path = ReaderViewController.m; sourceTree = "<group>"; };
		F902DE7C1E5D7FCD00794610 /* ScienceViewController.h */ = {isa = PBXFileReference; fileEncoding = 4; lastKnownFileType = sourcecode.c.h; path = ScienceViewController.h; sourceTree = "<group>"; };
		F902DE7D1E5D7FCD00794610 /* ScienceViewController.m */ = {isa = PBXFileReference; fileEncoding = 4; lastKnownFileType = sourcecode.c.objc; path = ScienceViewController.m; sourceTree = "<group>"; };
		F902DE7E1E5D7FCD00794610 /* ScoietyViewController.h */ = {isa = PBXFileReference; fileEncoding = 4; lastKnownFileType = sourcecode.c.h; path = ScoietyViewController.h; sourceTree = "<group>"; };
		F902DE7F1E5D7FCD00794610 /* ScoietyViewController.m */ = {isa = PBXFileReference; fileEncoding = 4; lastKnownFileType = sourcecode.c.objc; path = ScoietyViewController.m; sourceTree = "<group>"; };
		F902DE801E5D7FCD00794610 /* TopLineViewController.h */ = {isa = PBXFileReference; fileEncoding = 4; lastKnownFileType = sourcecode.c.h; path = TopLineViewController.h; sourceTree = "<group>"; };
		F902DE811E5D7FCD00794610 /* TopLineViewController.m */ = {isa = PBXFileReference; fileEncoding = 4; lastKnownFileType = sourcecode.c.objc; path = TopLineViewController.m; sourceTree = "<group>"; };
		F902DE821E5D7FCD00794610 /* VideoViewController.h */ = {isa = PBXFileReference; fileEncoding = 4; lastKnownFileType = sourcecode.c.h; path = VideoViewController.h; sourceTree = "<group>"; };
		F902DE831E5D7FCD00794610 /* VideoViewController.m */ = {isa = PBXFileReference; fileEncoding = 4; lastKnownFileType = sourcecode.c.objc; path = VideoViewController.m; sourceTree = "<group>"; };
		F902DE8D1E5D83C700794610 /* SWViewController.h */ = {isa = PBXFileReference; fileEncoding = 4; lastKnownFileType = sourcecode.c.h; path = SWViewController.h; sourceTree = "<group>"; };
		F902DE8E1E5D83C700794610 /* SWViewController.m */ = {isa = PBXFileReference; fileEncoding = 4; lastKnownFileType = sourcecode.c.objc; path = SWViewController.m; sourceTree = "<group>"; };
/* End PBXFileReference section */

/* Begin PBXFrameworksBuildPhase section */
		F902DE561E5D3B9C00794610 /* Frameworks */ = {
			isa = PBXFrameworksBuildPhase;
			buildActionMask = 2147483647;
			files = (
			);
			runOnlyForDeploymentPostprocessing = 0;
		};
/* End PBXFrameworksBuildPhase section */

/* Begin PBXGroup section */
		F902DE501E5D3B9C00794610 = {
			isa = PBXGroup;
			children = (
				F902DE5B1E5D3B9C00794610 /* 仿网易菜单滚动 */,
				F902DE5A1E5D3B9C00794610 /* Products */,
			);
			sourceTree = "<group>";
		};
		F902DE5A1E5D3B9C00794610 /* Products */ = {
			isa = PBXGroup;
			children = (
				F902DE591E5D3B9C00794610 /* 仿网易菜单滚动.app */,
			);
			name = Products;
			sourceTree = "<group>";
		};
		F902DE5B1E5D3B9C00794610 /* 仿网易菜单滚动 */ = {
			isa = PBXGroup;
			children = (
				F902DE771E5D7FCD00794610 /* ChildVC */,
				F902DE731E5D789B00794610 /* SWScrollPageVC */,
				F902DE5F1E5D3B9C00794610 /* AppDelegate.h */,
				F902DE601E5D3B9C00794610 /* AppDelegate.m */,
				F902DE621E5D3B9C00794610 /* ViewController.h */,
				F902DE631E5D3B9C00794610 /* ViewController.m */,
				F902DE8D1E5D83C700794610 /* SWViewController.h */,
				F902DE8E1E5D83C700794610 /* SWViewController.m */,
				F902DE5C1E5D3B9C00794610 /* Supporting Files */,
			);
			path = "仿网易菜单滚动";
			sourceTree = "<group>";
		};
		F902DE5C1E5D3B9C00794610 /* Supporting Files */ = {
			isa = PBXGroup;
			children = (
				F902DE651E5D3B9C00794610 /* Main.storyboard */,
				F902DE681E5D3B9C00794610 /* Assets.xcassets */,
				F902DE6A1E5D3B9C00794610 /* LaunchScreen.storyboard */,
				F902DE6D1E5D3B9C00794610 /* Info.plist */,
				F902DE5D1E5D3B9C00794610 /* main.m */,
			);
			name = "Supporting Files";
			sourceTree = "<group>";
		};
		F902DE731E5D789B00794610 /* SWScrollPageVC */ = {
			isa = PBXGroup;
			children = (
				F902DE741E5D78B600794610 /* SWScrollPageVC.h */,
				F902DE751E5D78B600794610 /* SWScrollPageVC.m */,
			);
			path = SWScrollPageVC;
			sourceTree = "<group>";
		};
		F902DE771E5D7FCD00794610 /* ChildVC */ = {
			isa = PBXGroup;
			children = (
				F902DE781E5D7FCD00794610 /* HotViewController.h */,
				F902DE791E5D7FCD00794610 /* HotViewController.m */,
				F902DE7A1E5D7FCD00794610 /* ReaderViewController.h */,
				F902DE7B1E5D7FCD00794610 /* ReaderViewController.m */,
				F902DE7C1E5D7FCD00794610 /* ScienceViewController.h */,
				F902DE7D1E5D7FCD00794610 /* ScienceViewController.m */,
				F902DE7E1E5D7FCD00794610 /* ScoietyViewController.h */,
				F902DE7F1E5D7FCD00794610 /* ScoietyViewController.m */,
				F902DE801E5D7FCD00794610 /* TopLineViewController.h */,
				F902DE811E5D7FCD00794610 /* TopLineViewController.m */,
				F902DE821E5D7FCD00794610 /* VideoViewController.h */,
				F902DE831E5D7FCD00794610 /* VideoViewController.m */,
			);
			path = ChildVC;
			sourceTree = "<group>";
		};
/* End PBXGroup section */

/* Begin PBXNativeTarget section */
		F902DE581E5D3B9C00794610 /* 仿网易菜单滚动 */ = {
			isa = PBXNativeTarget;
			buildConfigurationList = F902DE701E5D3B9C00794610 /* Build configuration list for PBXNativeTarget "仿网易菜单滚动" */;
			buildPhases = (
				F902DE551E5D3B9C00794610 /* Sources */,
				F902DE561E5D3B9C00794610 /* Frameworks */,
				F902DE571E5D3B9C00794610 /* Resources */,
			);
			buildRules = (
			);
			dependencies = (
			);
			name = "仿网易菜单滚动";
			productName = "仿网易菜单滚动";
			productReference = F902DE591E5D3B9C00794610 /* 仿网易菜单滚动.app */;
			productType = "com.apple.product-type.application";
		};
/* End PBXNativeTarget section */

/* Begin PBXProject section */
		F902DE511E5D3B9C00794610 /* Project object */ = {
			isa = PBXProject;
			attributes = {
				LastUpgradeCheck = 0820;
				ORGANIZATIONNAME = iSong;
				TargetAttributes = {
					F902DE581E5D3B9C00794610 = {
						CreatedOnToolsVersion = 8.2.1;
						DevelopmentTeam = MHN2XFC72U;
						ProvisioningStyle = Automatic;
					};
				};
			};
			buildConfigurationList = F902DE541E5D3B9C00794610 /* Build configuration list for PBXProject "仿网易菜单滚动" */;
			compatibilityVersion = "Xcode 3.2";
			developmentRegion = English;
			hasScannedForEncodings = 0;
			knownRegions = (
				en,
				Base,
			);
			mainGroup = F902DE501E5D3B9C00794610;
			productRefGroup = F902DE5A1E5D3B9C00794610 /* Products */;
			projectDirPath = "";
			projectRoot = "";
			targets = (
				F902DE581E5D3B9C00794610 /* 仿网易菜单滚动 */,
			);
		};
/* End PBXProject section */

/* Begin PBXResourcesBuildPhase section */
		F902DE571E5D3B9C00794610 /* Resources */ = {
			isa = PBXResourcesBuildPhase;
			buildActionMask = 2147483647;
			files = (
				F902DE6C1E5D3B9C00794610 /* LaunchScreen.storyboard in Resources */,
				F902DE691E5D3B9C00794610 /* Assets.xcassets in Resources */,
				F902DE671E5D3B9C00794610 /* Main.storyboard in Resources */,
			);
			runOnlyForDeploymentPostprocessing = 0;
		};
/* End PBXResourcesBuildPhase section */

/* Begin PBXSourcesBuildPhase section */
		F902DE551E5D3B9C00794610 /* Sources */ = {
			isa = PBXSourcesBuildPhase;
			buildActionMask = 2147483647;
			files = (
				F902DE891E5D7FCD00794610 /* VideoViewController.m in Sources */,
				F902DE881E5D7FCD00794610 /* TopLineViewController.m in Sources */,
				F902DE641E5D3B9C00794610 /* ViewController.m in Sources */,
				F902DE871E5D7FCD00794610 /* ScoietyViewController.m in Sources */,
				F902DE611E5D3B9C00794610 /* AppDelegate.m in Sources */,
				F902DE841E5D7FCD00794610 /* HotViewController.m in Sources */,
				F902DE861E5D7FCD00794610 /* ScienceViewController.m in Sources */,
				F902DE851E5D7FCD00794610 /* ReaderViewController.m in Sources */,
				F902DE761E5D78B600794610 /* SWScrollPageVC.m in Sources */,
				F902DE8F1E5D83C700794610 /* SWViewController.m in Sources */,
				F902DE5E1E5D3B9C00794610 /* main.m in Sources */,
			);
			runOnlyForDeploymentPostprocessing = 0;
		};
/* End PBXSourcesBuildPhase section */

/* Begin PBXVariantGroup section */
		F902DE651E5D3B9C00794610 /* Main.storyboard */ = {
			isa = PBXVariantGroup;
			children = (
				F902DE661E5D3B9C00794610 /* Base */,
			);
			name = Main.storyboard;
			sourceTree = "<group>";
		};
		F902DE6A1E5D3B9C00794610 /* LaunchScreen.storyboard */ = {
			isa = PBXVariantGroup;
			children = (
				F902DE6B1E5D3B9C00794610 /* Base */,
			);
			name = LaunchScreen.storyboard;
			sourceTree = "<group>";
		};
/* End PBXVariantGroup section */

/* Begin XCBuildConfiguration section */
		F902DE6E1E5D3B9C00794610 /* Debug */ = {
			isa = XCBuildConfiguration;
			buildSettings = {
				ALWAYS_SEARCH_USER_PATHS = NO;
				CLANG_ANALYZER_NONNULL = YES;
				CLANG_CXX_LANGUAGE_STANDARD = "gnu++0x";
				CLANG_CXX_LIBRARY = "libc++";
				CLANG_ENABLE_MODULES = YES;
				CLANG_ENABLE_OBJC_ARC = YES;
				CLANG_WARN_BOOL_CONVERSION = YES;
				CLANG_WARN_CONSTANT_CONVERSION = YES;
				CLANG_WARN_DIRECT_OBJC_ISA_USAGE = YES_ERROR;
				CLANG_WARN_DOCUMENTATION_COMMENTS = YES;
				CLANG_WARN_EMPTY_BODY = YES;
				CLANG_WARN_ENUM_CONVERSION = YES;
				CLANG_WARN_INFINITE_RECURSION = YES;
				CLANG_WARN_INT_CONVERSION = YES;
				CLANG_WARN_OBJC_ROOT_CLASS = YES_ERROR;
				CLANG_WARN_SUSPICIOUS_MOVE = YES;
				CLANG_WARN_UNREACHABLE_CODE = YES;
				CLANG_WARN__DUPLICATE_METHOD_MATCH = YES;
				"CODE_SIGN_IDENTITY[sdk=iphoneos*]" = "iPhone Developer";
				COPY_PHASE_STRIP = NO;
				DEBUG_INFORMATION_FORMAT = dwarf;
				ENABLE_STRICT_OBJC_MSGSEND = YES;
				ENABLE_TESTABILITY = YES;
				GCC_C_LANGUAGE_STANDARD = gnu99;
				GCC_DYNAMIC_NO_PIC = NO;
				GCC_NO_COMMON_BLOCKS = YES;
				GCC_OPTIMIZATION_LEVEL = 0;
				GCC_PREPROCESSOR_DEFINITIONS = (
					"DEBUG=1",
					"$(inherited)",
				);
				GCC_WARN_64_TO_32_BIT_CONVERSION = YES;
				GCC_WARN_ABOUT_RETURN_TYPE = YES_ERROR;
				GCC_WARN_UNDECLARED_SELECTOR = YES;
				GCC_WARN_UNINITIALIZED_AUTOS = YES_AGGRESSIVE;
				GCC_WARN_UNUSED_FUNCTION = YES;
				GCC_WARN_UNUSED_VARIABLE = YES;
				IPHONEOS_DEPLOYMENT_TARGET = 8.3;
				MTL_ENABLE_DEBUG_INFO = YES;
				ONLY_ACTIVE_ARCH = YES;
				SDKROOT = iphoneos;
			};
			name = Debug;
		};
		F902DE6F1E5D3B9C00794610 /* Release */ = {
			isa = XCBuildConfiguration;
			buildSettings = {
				ALWAYS_SEARCH_USER_PATHS = NO;
				CLANG_ANALYZER_NONNULL = YES;
				CLANG_CXX_LANGUAGE_STANDARD = "gnu++0x";
				CLANG_CXX_LIBRARY = "libc++";
				CLANG_ENABLE_MODULES = YES;
				CLANG_ENABLE_OBJC_ARC = YES;
				CLANG_WARN_BOOL_CONVERSION = YES;
				CLANG_WARN_CONSTANT_CONVERSION = YES;
				CLANG_WARN_DIRECT_OBJC_ISA_USAGE = YES_ERROR;
				CLANG_WARN_DOCUMENTATION_COMMENTS = YES;
				CLANG_WARN_EMPTY_BODY = YES;
				CLANG_WARN_ENUM_CONVERSION = YES;
				CLANG_WARN_INFINITE_RECURSION = YES;
				CLANG_WARN_INT_CONVERSION = YES;
				CLANG_WARN_OBJC_ROOT_CLASS = YES_ERROR;
				CLANG_WARN_SUSPICIOUS_MOVE = YES;
				CLANG_WARN_UNREACHABLE_CODE = YES;
				CLANG_WARN__DUPLICATE_METHOD_MATCH = YES;
				"CODE_SIGN_IDENTITY[sdk=iphoneos*]" = "iPhone Developer";
				COPY_PHASE_STRIP = NO;
				DEBUG_INFORMATION_FORMAT = "dwarf-with-dsym";
				ENABLE_NS_ASSERTIONS = NO;
				ENABLE_STRICT_OBJC_MSGSEND = YES;
				GCC_C_LANGUAGE_STANDARD = gnu99;
				GCC_NO_COMMON_BLOCKS = YES;
				GCC_WARN_64_TO_32_BIT_CONVERSION = YES;
				GCC_WARN_ABOUT_RETURN_TYPE = YES_ERROR;
				GCC_WARN_UNDECLARED_SELECTOR = YES;
				GCC_WARN_UNINITIALIZED_AUTOS = YES_AGGRESSIVE;
				GCC_WARN_UNUSED_FUNCTION = YES;
				GCC_WARN_UNUSED_VARIABLE = YES;
				IPHONEOS_DEPLOYMENT_TARGET = 8.3;
				MTL_ENABLE_DEBUG_INFO = NO;
				SDKROOT = iphoneos;
				VALIDATE_PRODUCT = YES;
			};
			name = Release;
		};
		F902DE711E5D3B9C00794610 /* Debug */ = {
			isa = XCBuildConfiguration;
			buildSettings = {
				ASSETCATALOG_COMPILER_APPICON_NAME = AppIcon;
				DEVELOPMENT_TEAM = MHN2XFC72U;
				INFOPLIST_FILE = "仿网易菜单滚动/Info.plist";
				LD_RUNPATH_SEARCH_PATHS = "$(inherited) @executable_path/Frameworks";
				PRODUCT_BUNDLE_IDENTIFIER = "sw.-------";
				PRODUCT_NAME = "$(TARGET_NAME)";
			};
			name = Debug;
		};
		F902DE721E5D3B9C00794610 /* Release */ = {
			isa = XCBuildConfiguration;
			buildSettings = {
				ASSETCATALOG_COMPILER_APPICON_NAME = AppIcon;
				DEVELOPMENT_TEAM = MHN2XFC72U;
				INFOPLIST_FILE = "仿网易菜单滚动/Info.plist";
				LD_RUNPATH_SEARCH_PATHS = "$(inherited) @executable_path/Frameworks";
				PRODUCT_BUNDLE_IDENTIFIER = "sw.-------";
				PRODUCT_NAME = "$(TARGET_NAME)";
			};
			name = Release;
		};
/* End XCBuildConfiguration section */

/* Begin XCConfigurationList section */
		F902DE541E5D3B9C00794610 /* Build configuration list for PBXProject "仿网易菜单滚动" */ = {
			isa = XCConfigurationList;
			buildConfigurations = (
				F902DE6E1E5D3B9C00794610 /* Debug */,
				F902DE6F1E5D3B9C00794610 /* Release */,
			);
			defaultConfigurationIsVisible = 0;
			defaultConfigurationName = Release;
		};
		F902DE701E5D3B9C00794610 /* Build configuration list for PBXNativeTarget "仿网易菜单滚动" */ = {
			isa = XCConfigurationList;
			buildConfigurations = (
				F902DE711E5D3B9C00794610 /* Debug */,
				F902DE721E5D3B9C00794610 /* Release */,
			);
			defaultConfigurationIsVisible = 0;
			defaultConfigurationName = Release;
		};
/* End XCConfigurationList section */
	};
	rootObject = F902DE511E5D3B9C00794610 /* Project object */;
}
